BASE	97775f82cec5bd50296c523be9baa0dacef9bb9e	upstream/ArduPilot-4.7
30994	7647a233ce24f22bd1e1612e6fad906ecf41f449
31005	59b29f0923361b3b0ae060575825cbe1aaf3fb53
31619	ea40cbb9bc17c2f3055ffc034b20b8c1a5b3fba4
32469	2f57b63e11a4d28fb69126313b75d6acd3bfe9ff
32392	43c5eb45aee89362e8b82fc922a4211d6be953b4
32200	ac4510b69973b347ddf4ec967130fc155a18176b
32396	2d32fa41604b00e38d2dcc66ab1f5882fe8fa6aa
31500	c01f874f06a6827a53d9c91e9c4fa030c486ac96
32770	c2a95de72f7b1c8b1dc6391e7a72ccba129154cd
32022	e7a1b8c830f831da99dba24dc90f111cc38cc3a2
32389	9df7e3f15a96d673bdd8145667402532ad02fa56
32202	fbb9b00d2e1613e13d229e2ff194fa38db7ff856
32399	17e13dd10e35bd341d2d21991ec0c8d4801c069f
32937	f150465945e9806215a0ad32a03216daa06d1bc2
30490	dc1465a14ec1919735f464916d0665820d37872c
31274	6b1173c7bfc5f0edbeaed4d8d0bb0055de311c89
29768	525919e36eaa30ca105b03b2275ee58c6ca3eaa6
32045	0c9517512a83605c5806d67de7bdd929b7d42771
32391	8bb6e9fbc0dfd2b77d62b0f2e8f17eadc4ec343b
32398	2038b1c1d9590eb72ee35ffe21bf25d38e8d5c2f
32238	f1b5b3e1b8e7e5a328c345608916b6a7f779e807
32471	91111c003758f677befef767a919dca27aebb5a9
32472	114d8f63a2b7dfc3db9842d568ed253aa38d287c
32768	3c26db0cf9928b727eb9b570b24f94c6a30f70e9
32553	9031a31bbabad1a8b9de6e6c264ded8a0e695324
27893	ff0f8ecd424f3a9a4fde0f17f3a889381af6d531
29000	e3de7ec807d2568cbf45aa875fcca2152d4ce275
30980	06501e8fc4ddbaed531963f5b90819679f8b7dfe
30841	7c36b16ee11a17117c8d4127810be2115dd6fdf0
31216	a98c42460574d293d54d5d2cae0a278a593bafe1
31770	acd7776259bb2333b95e01c22e0345761c3ae577
32401	a22443add5530e959a24af0bb24d6cdc1ac35b40
32473	cbb57218ee056c5d04a74fd4dbd561b714d37466
33318	45e3ee7f529303db93ddc2abcd55177bfee5c6ba
33359	66eb1ae2dc18882827ce729f45dcff9ae25ca3c3
33478	2bdefa78660e225cdda8bf631a5feadda7dd62f8
33484	a3f3f02ca13c039941803137e94f0ebcc3a17e3f
33497	2326138c6a5b6265afc1b9b2646ea6dcd2e62a5d
33498	a1aab7b277b02f57cf1a9138ebc14c6f9ed6936a
33507	0124f308ce60f1fc9cdc931bc0599f58e10443af
33543	51434d58d6f5419d63a2354af529aa7817ec88d3
33568	4bb2ef358367388c636a904a9302af4b18616d03
33569	e79472912b8d3672e3cb0fdf5597dc0026487058
33115	2faa46d0cd8885ea0f7d8a20fc3c47e5bfea8ad9
