BASE	1bf6b3ddc0bb956c765bc40e45e90c945e05a8e9	SmallFastDrone-4.7-base
31005	59b29f0923361b3b0ae060575825cbe1aaf3fb53
32232	1f6792c9f8e567251b6d4b99e4bde5174546d12d
31274	6b1173c7bfc5f0edbeaed4d8d0bb0055de311c89
32391	8bb6e9fbc0dfd2b77d62b0f2e8f17eadc4ec343b
32398	2038b1c1d9590eb72ee35ffe21bf25d38e8d5c2f
32238	f1b5b3e1b8e7e5a328c345608916b6a7f779e807
32471	d1fc60bf84a1a29587bc9418907c37b54f3708ed
32768	f61b2596711f92143e168057c13e03ebb5238228
32553	9031a31bbabad1a8b9de6e6c264ded8a0e695324
32972	0e2cb01baf8af87f7238aefe361e06fa0e25b31e
32514	b936c14b0940ba147a142ce7131a96116c61f5a6
27893	b4c8c0e9be733250cf066bb2ee34a7231f4b897b
29000	e3de7ec807d2568cbf45aa875fcca2152d4ce275
30980	06501e8fc4ddbaed531963f5b90819679f8b7dfe
30841	7c36b16ee11a17117c8d4127810be2115dd6fdf0
31216	a98c42460574d293d54d5d2cae0a278a593bafe1
31770	acd7776259bb2333b95e01c22e0345761c3ae577
32401	17204150e4d9efd28edab45dcc9c90dec75f2bd0
32473	cbb57218ee056c5d04a74fd4dbd561b714d37466
32270	873860f06140bdff09f70e65ab62c38d69ea86c1
33318	f8277625ffe68054fa35d91fc326be83c6e15747
33359	bba45ab7428d73457df4032179c6a39678ff93aa
33478	2bdefa78660e225cdda8bf631a5feadda7dd62f8
33585	20e7130051c54ed7a19150c05f8fda843ec43638
33484	5e87b95329aa8e2a00450066ce43be4df361257d
33497	2326138c6a5b6265afc1b9b2646ea6dcd2e62a5d
33498	17f19f6202d59f4e19680e3bd38ef3bb82097dac
33507	0c429893cf8044463cbe0e42f9f4a4fac3690ead
33543	51434d58d6f5419d63a2354af529aa7817ec88d3
33568	4bb2ef358367388c636a904a9302af4b18616d03
33569	e79472912b8d3672e3cb0fdf5597dc0026487058
