BASE	a5eb3256744abcb201f5713eb4f6d5e71ca2db3f	SmallFastDrone-4.7-base
33780	7c1ba7ad1db6f427a736c7cf3da447510354ac8e
33988	45ce3de3c0bbb66803b34f2a3b1fc5795c207f7a
33990	4f5c0720fec69b19d5b35751c07b905ff2c6fab8
34122	54218bc087803976cd6edf000a32cd3dbc82b26c
34057	f2d42a175e2dfac7a8a50331f87bb4ad78b0541a
34120	01e03202ed14fd9fe863b6403b259bce58c82a70
31005	59b29f0923361b3b0ae060575825cbe1aaf3fb53
32232	8bec444e50ad6ac382f37ff861e1dffacddf4786
31274	aec814c003944720391bb3f18d1d7039fe4442c4
32391	8bb6e9fbc0dfd2b77d62b0f2e8f17eadc4ec343b
32398	904630fd82b769a3c4d5069e1c503ba3bb4b7ee0
32238	f1b5b3e1b8e7e5a328c345608916b6a7f779e807
32471	7a61baa62e988d4fc3ffbc6ef3f06d1198c037e6
32768	0ca1c9e775179d9c2ce0d6e5dbe9df002ac4bfab
32553	97506a8e7663bb02fdd4e4a339003130be182edf
32972	cba8f121acd70496a3c07c5331325701ed502fe6
34362	c0935b991f7ed573fb05d75613f032c530cd5c7a
32514	b936c14b0940ba147a142ce7131a96116c61f5a6
27893	5c1bf145dc846a2edbab4b8abc2e82b33ec4e5f9
29000	dfff83a3a313ec66168986c50ea15448bcb6a724
30980	06501e8fc4ddbaed531963f5b90819679f8b7dfe
30841	7c36b16ee11a17117c8d4127810be2115dd6fdf0
31216	a98c42460574d293d54d5d2cae0a278a593bafe1
31770	acd7776259bb2333b95e01c22e0345761c3ae577
32401	17204150e4d9efd28edab45dcc9c90dec75f2bd0
32473	59c2705a714d066d8b37600f4e6f4343d26c70dc
32270	d6d572ad43c786e858ff901ed61e626367b20e7b
33318	f8277625ffe68054fa35d91fc326be83c6e15747
33359	640cd4a5fc77056aac37fca3a93f017dcf6e34a5
33478	e21558d163898eca884a9b1d74087adda360cc22
34360	affdf29bf1dc3e90c77de63f7df6aa039bb2b913
33585	e18c7d6fc35fd5a6fcad7928c49a74d6485942f5
34361	3b7ba40c0a32034ccdbb495e035e18980232f462
34363	759e89537406cc349d279fad0a85bd135da9a865
33484	853f3f2177ef4cbf59ce97ce76cac76f3be1ab25
34292	d8646651c2d05ef3b78749a441eaa42dffc080fe
33497	2326138c6a5b6265afc1b9b2646ea6dcd2e62a5d
33498	450d8d737856f847381da0711259738a00a64357
33507	45e7d663696e4214992664adf0defa45b8b893fc
33543	51434d58d6f5419d63a2354af529aa7817ec88d3
33568	816db9a9b0634971a2286b76a19442b3d4230314
34380	46978a2bb778de93dcef0e9a1c97b28e8e9933e3
33569	e79472912b8d3672e3cb0fdf5597dc0026487058
34251	edc71a20d7acda6ed552ad155785f32662eb398e
33879	1ad4dab14976b47e9c69739db61e9b04ec2011e3
34209	27029f2ff5c5d7ea888ba773f4c4c144f12b50ac
34208	a4123d21656849276ddd36e2e86ed87bbc90297f
34210	7ffe67da33304f0d0da7bd0bd77408a2fcff34f3
32475	8b5882e6d12199b7cd0b01d5b93c12b443cd1fe8
